
Microsoft Visual Studio Solution File, Format Version 12.00
# Visual Studio 15
VisualStudioVersion = 15.0.26403.3
MinimumVisualStudioVersion = 10.0.40219.1
Project("{2150E333-8FDC-42A3-9474-1A3956D46DE8}") = "src", "src", "{26573693-ECED-497F-A6E8-BAF39AE6A923}"
EndProject
Project("{9A19103F-16F7-4668-BE54-9A1E7A4F7556}") = "BlogApp", "src\BlogApp\BlogApp.csproj", "{EF9E3CF1-34D6-44CD-942A-2F1117A315C9}"
EndProject
Global
	GlobalSection(SolutionConfigurationPlatforms) = preSolution
		Debug|Any CPU = Debug|Any CPU
		Debug|ARM = Debug|ARM
		Debug|x86 = Debug|x86
		Release|Any CPU = Release|Any CPU
		Release|ARM = Release|ARM
		Release|x86 = Release|x86
	EndGlobalSection
	GlobalSection(ProjectConfigurationPlatforms) = postSolution
		{EF9E3CF1-34D6-44CD-942A-2F1117A315C9}.Debug|Any CPU.ActiveCfg = Debug|Any CPU
		{EF9E3CF1-34D6-44CD-942A-2F1117A315C9}.Debug|Any CPU.Build.0 = Debug|Any CPU
		{EF9E3CF1-34D6-44CD-942A-2F1117A315C9}.Debug|ARM.ActiveCfg = Debug|Any CPU
		{EF9E3CF1-34D6-44CD-942A-2F1117A315C9}.Debug|ARM.Build.0 = Debug|Any CPU
		{EF9E3CF1-34D6-44CD-942A-2F1117A315C9}.Debug|x86.ActiveCfg = Debug|Any CPU
		{EF9E3CF1-34D6-44CD-942A-2F1117A315C9}.Debug|x86.Build.0 = Debug|Any CPU
		{EF9E3CF1-34D6-44CD-942A-2F1117A315C9}.Release|Any CPU.ActiveCfg = Release|Any CPU
		{EF9E3CF1-34D6-44CD-942A-2F1117A315C9}.Release|Any CPU.Build.0 = Release|Any CPU
		{EF9E3CF1-34D6-44CD-942A-2F1117A315C9}.Release|ARM.ActiveCfg = Release|Any CPU
		{EF9E3CF1-34D6-44CD-942A-2F1117A315C9}.Release|ARM.Build.0 = Release|Any CPU
		{EF9E3CF1-34D6-44CD-942A-2F1117A315C9}.Release|x86.ActiveCfg = Release|Any CPU
		{EF9E3CF1-34D6-44CD-942A-2F1117A315C9}.Release|x86.Build.0 = Release|Any CPU
	EndGlobalSection
	GlobalSection(SolutionProperties) = preSolution
		HideSolutionNode = FALSE
	EndGlobalSection
	GlobalSection(NestedProjects) = preSolution
		{EF9E3CF1-34D6-44CD-942A-2F1117A315C9} = {26573693-ECED-497F-A6E8-BAF39AE6A923}
	EndGlobalSection
EndGlobal
